
Microsoft Visual Studio Solution File, Format Version 12.00
Project("{FAE04EC0-301F-11D3-BF4B-00C04F79EFBC}") = "Product.GrpcService", "src\Product\Product.GrpcService\Product.GrpcService.csproj", "{0BE6EC20-1C30-4720-A48D-AD463AA4DDC2}"
EndProject
Project("{FAE04EC0-301F-11D3-BF4B-00C04F79EFBC}") = "ApiGateway.Api", "src\ApiGateway\ApiGateway.Api\ApiGateway.Api.csproj", "{404CCC1B-9018-4C1C-B5A7-1DA6A0C96862}"
EndProject
Project("{FAE04EC0-301F-11D3-BF4B-00C04F79EFBC}") = "OrderSystem.AppHost", "OrderSystem.AppHost\OrderSystem.AppHost.csproj", "{F126C4B3-7E54-4E29-A101-5BC56C7BCAD2}"
EndProject
Project("{FAE04EC0-301F-11D3-BF4B-00C04F79EFBC}") = "OrderSystem.ServiceDefaults", "OrderSystem.ServiceDefaults\OrderSystem.ServiceDefaults.csproj", "{75AC900F-BBEC-40A1-B4A4-BE15A42A5990}"
EndProject
Project("{FAE04EC0-301F-11D3-BF4B-00C04F79EFBC}") = "Product.Proto", "src\Product\Product.Proto\Product.Proto.csproj", "{C9A7C2CF-8668-4A5F-AB67-A33E236699AE}"
EndProject
Project("{FAE04EC0-301F-11D3-BF4B-00C04F79EFBC}") = "Product.Core", "src\Product\Product.Core\Product.Core.csproj", "{ACFA734A-60A8-44A1-9976-C4E22DF57CCA}"
EndProject
Project("{2150E333-8FDC-42A3-9474-1A3956D46DE8}") = "Product", "Product", "{D442C24A-7050-48D8-8711-7BD31D39D4C7}"
EndProject
Project("{2150E333-8FDC-42A3-9474-1A3956D46DE8}") = "ApiGateway", "ApiGateway", "{E7A58C43-2C79-474F-A853-62EB99EAD40A}"
EndProject
Project("{FAE04EC0-301F-11D3-BF4B-00C04F79EFBC}") = "Shared.Proto", "src\Shared\Shared.Proto\Shared.Proto.csproj", "{D4CA4CF4-FEF1-491D-B6C5-7DFA9A27997A}"
EndProject
Project("{FAE04EC0-301F-11D3-BF4B-00C04F79EFBC}") = "Shared.GrpcInfrastructure", "src\Shared\Shared.GrpcInfrastructure\Shared.GrpcInfrastructure.csproj", "{2D4F2009-D37F-4594-AEC7-DA910C2E5BC8}"
EndProject
Project("{2150E333-8FDC-42A3-9474-1A3956D46DE8}") = "Shared", "Shared", "{D7B0F25A-BD5A-4F43-ABBB-FD36DACC3AAC}"
EndProject
Project("{FAE04EC0-301F-11D3-BF4B-00C04F79EFBC}") = "ApiGateway.Core", "src\ApiGateway\ApiGateway.Core\ApiGateway.Core.csproj", "{585B7D0E-0FAF-4E5B-B5C2-08ADE5424F60}"
EndProject
Project("{FAE04EC0-301F-11D3-BF4B-00C04F79EFBC}") = "ApiGateway.infrastructure.GrcpClient", "src\ApiGateway\ApiGateway.infrastructure.GrcpClient\ApiGateway.infrastructure.GrcpClient.csproj", "{30930F6D-8695-456F-9132-3054930BFDA7}"
EndProject
Project("{FAE04EC0-301F-11D3-BF4B-00C04F79EFBC}") = "Product.Proto.Client", "src\Product\Product.Proto.Client\Product.Proto.Client.csproj", "{8004B9E9-CAEA-4833-BB70-F2EE0B21BCE9}"
EndProject
Project("{FAE04EC0-301F-11D3-BF4B-00C04F79EFBC}") = "Shared.Core", "src\Shared\Shared.Core\Shared.Core.csproj", "{36713670-E879-48F4-A913-CAFB42065B84}"
EndProject
Project("{2150E333-8FDC-42A3-9474-1A3956D46DE8}") = "Test", "Test", "{ED93EE8D-39DF-40CF-99E4-954DFF7789A6}"
EndProject
Project("{2150E333-8FDC-42A3-9474-1A3956D46DE8}") = "Product", "Product", "{EEF4AE49-E12C-490C-AD13-EC7A27B5CDE8}"
EndProject
Project("{FAE04EC0-301F-11D3-BF4B-00C04F79EFBC}") = "Product.UnitTest", "test\Product\Product.UnitTest\Product.UnitTest.csproj", "{0C491F3E-E063-46C3-B923-28B1D12768B7}"
EndProject
Project("{FAE04EC0-301F-11D3-BF4B-00C04F79EFBC}") = "Product.Infrastructure", "src\Product\Product.Infrastructure\Product.Infrastructure.csproj", "{3409B88F-AB20-49A0-9BF6-3EFF51C51B05}"
EndProject
Project("{FAE04EC0-301F-11D3-BF4B-00C04F79EFBC}") = "Product.IntegrationTest", "test\Product\Product.IntegrationTest\Product.IntegrationTest.csproj", "{53CE6C8F-B59D-468F-9399-76CDB103039C}"
EndProject
Project("{FAE04EC0-301F-11D3-BF4B-00C04F79EFBC}") = "Product.Application", "src\Product\Product.Application\Product.Application.csproj", "{1D87E4AF-5938-4867-AEB1-76C77BDA0366}"
EndProject
Project("{FAE04EC0-301F-11D3-BF4B-00C04F79EFBC}") = "Product.DataMigrator", "src\Product\Product.DataMigrator\Product.DataMigrator.csproj", "{4F1BF274-82A3-4DEF-B822-6D3F2CC004E8}"
EndProject
Project("{FAE04EC0-301F-11D3-BF4B-00C04F79EFBC}") = "User.Core", "src\User\User.Core\User.Core.csproj", "{DB6AEFED-207B-4629-9F86-317F4C7CCA56}"
EndProject
Project("{2150E333-8FDC-42A3-9474-1A3956D46DE8}") = "User", "User", "{73BF6D1A-26C2-45D2-AD3F-D38546C9220B}"
EndProject
Project("{2150E333-8FDC-42A3-9474-1A3956D46DE8}") = "User", "User", "{EF1D89B0-C122-40A1-90C2-8365A9E9254B}"
EndProject
Project("{FAE04EC0-301F-11D3-BF4B-00C04F79EFBC}") = "User.UnitTest", "test\User\User.UnitTest\User.UnitTest.csproj", "{D67F306D-4276-4DFF-A08D-83E68A4B1B43}"
EndProject
Project("{FAE04EC0-301F-11D3-BF4B-00C04F79EFBC}") = "User.Infrastructure", "src\User\User.Infrastructure\User.Infrastructure.csproj", "{E0EC1AA0-5952-4C7F-8072-946842BF8906}"
EndProject
Project("{FAE04EC0-301F-11D3-BF4B-00C04F79EFBC}") = "User.Proto", "src\User\User.Proto\User.Proto.csproj", "{FE94DFA8-A8F2-4C50-B3D6-42B83F2FFE85}"
EndProject
Project("{FAE04EC0-301F-11D3-BF4B-00C04F79EFBC}") = "User.Proto.Client", "src\User\User.Proto.Client\User.Proto.Client.csproj", "{0524C5BB-A821-4151-9F53-2E8A968B1CF1}"
EndProject
Project("{FAE04EC0-301F-11D3-BF4B-00C04F79EFBC}") = "User.GrpcService", "src\User\User.GrpcService\User.GrpcService.csproj", "{53A45ADD-1E7A-469F-82AC-D0A8E4666C7F}"
EndProject
Project("{FAE04EC0-301F-11D3-BF4B-00C04F79EFBC}") = "User.Application", "src\User\User.Application\User.Application.csproj", "{F30BADA2-4B99-40BE-A71D-9328D9E8186D}"
EndProject
Project("{FAE04EC0-301F-11D3-BF4B-00C04F79EFBC}") = "User.IntegrationTest", "test\User\User.IntegrationTest\User.IntegrationTest.csproj", "{82F84CAF-8395-4EB4-B9EB-4D74C6829A66}"
EndProject
Project("{FAE04EC0-301F-11D3-BF4B-00C04F79EFBC}") = "User.DataMigrator", "src\User\User.DataMigrator\User.DataMigrator.csproj", "{2FC1B06E-0212-4A74-BB52-7C6677E0A61B}"
EndProject
Project("{FAE04EC0-301F-11D3-BF4B-00C04F79EFBC}") = "Address.DataMigrator", "src\Address\Address.DataMigrator\Address.DataMigrator.csproj", "{FAA8DC1D-F4A1-43A7-AD5F-31FB8A9F2640}"
EndProject
Project("{FAE04EC0-301F-11D3-BF4B-00C04F79EFBC}") = "Address.Proto", "src\Address\Address.Proto\Address.Proto.csproj", "{8B6AAA63-1214-4531-8E76-563302027FBF}"
EndProject
Project("{FAE04EC0-301F-11D3-BF4B-00C04F79EFBC}") = "Address.GrpcService", "src\Address\Address.GrpcService\Address.GrpcService.csproj", "{78C9724E-F202-48E6-8BFB-CBE7EA3CCDD3}"
EndProject
Project("{FAE04EC0-301F-11D3-BF4B-00C04F79EFBC}") = "Address.Infrastructure", "src\Address\Address.Infrastructure\Address.Infrastructure.csproj", "{10AB326D-2168-4A0A-A710-126A0DFFEB28}"
EndProject
Project("{FAE04EC0-301F-11D3-BF4B-00C04F79EFBC}") = "Address.Application", "src\Address\Address.Application\Address.Application.csproj", "{D255FE9A-EBD2-40B9-87D3-4A0A2E33F3E8}"
EndProject
Project("{FAE04EC0-301F-11D3-BF4B-00C04F79EFBC}") = "Address.Core", "src\Address\Address.Core\Address.Core.csproj", "{753004DB-D57E-4115-8585-BC56D59324C1}"
EndProject
Project("{2150E333-8FDC-42A3-9474-1A3956D46DE8}") = "Address", "Address", "{1544D46B-2644-4FB5-8E2D-E5C3E5C1208B}"
EndProject
Project("{FAE04EC0-301F-11D3-BF4B-00C04F79EFBC}") = "Test.Shared", "test\Test.Shared\Test.Shared.csproj", "{C0C01E1F-1B80-4C70-805E-ACD583EC0AD4}"
EndProject
Project("{FAE04EC0-301F-11D3-BF4B-00C04F79EFBC}") = "Address.Proto.Client", "src\Address\Address.Proto.Client\Address.Proto.Client.csproj", "{ECF238F6-BA05-4EF1-B857-F42F7AC5BC5F}"
EndProject
Project("{FAE04EC0-301F-11D3-BF4B-00C04F79EFBC}") = "Address.UnitTest", "test\Address\Address.UnitTest\Address.UnitTest.csproj", "{86C69E08-B6FD-48E3-9E8C-842CCB2F0AD5}"
EndProject
Project("{FAE04EC0-301F-11D3-BF4B-00C04F79EFBC}") = "Address.IntegrationTest", "test\Address\Address.IntegrationTest\Address.IntegrationTest.csproj", "{83693112-9E1F-47CA-8C17-E804EAFA980B}"
EndProject
Project("{2150E333-8FDC-42A3-9474-1A3956D46DE8}") = "Address", "Address", "{B9D7D6AD-79AF-4EBB-8718-9DB65961E126}"
EndProject
Project("{FAE04EC0-301F-11D3-BF4B-00C04F79EFBC}") = "Order.Proto", "src\Order\Order.Proto\Order.Proto.csproj", "{6D821EDC-EE03-4906-A3E7-164E679D0D89}"
EndProject
Project("{FAE04EC0-301F-11D3-BF4B-00C04F79EFBC}") = "Order.Infrastructure", "src\Order\Order.Infrastructure\Order.Infrastructure.csproj", "{DAB55BDF-B0A8-4473-89F8-B296B3130C0F}"
EndProject
Project("{FAE04EC0-301F-11D3-BF4B-00C04F79EFBC}") = "Order.Application", "src\Order\Order.Application\Order.Application.csproj", "{BEB99141-9921-4E53-AFFA-57C37C296770}"
EndProject
Project("{FAE04EC0-301F-11D3-BF4B-00C04F79EFBC}") = "Order.GrpcService", "src\Order\Order.GrpcService\Order.GrpcService.csproj", "{CC25978B-6B83-4436-8546-B63CACF37740}"
EndProject
Project("{2150E333-8FDC-42A3-9474-1A3956D46DE8}") = "Order", "Order", "{1B873DFD-4C6C-44CC-A8E0-FD6924D6B45E}"
EndProject
Project("{FAE04EC0-301F-11D3-BF4B-00C04F79EFBC}") = "Order.Core", "src\Order\Order.Core\Order.Core.csproj", "{A279736E-1095-4ABC-B5EA-78B04F772E65}"
EndProject
Project("{2150E333-8FDC-42A3-9474-1A3956D46DE8}") = "Order", "Order", "{187E6F70-1C7B-465F-BA4A-DFEE3F507CD1}"
EndProject
Project("{FAE04EC0-301F-11D3-BF4B-00C04F79EFBC}") = "Order.UnitTest", "test\Order\Order.UnitTest\Order.UnitTest.csproj", "{81B3D6EA-B581-41D6-A9BF-9777F7A53EAA}"
EndProject
Project("{FAE04EC0-301F-11D3-BF4B-00C04F79EFBC}") = "Order.IntegrationTest", "test\Order\Order.IntegrationTest\Order.IntegrationTest.csproj", "{FA17F963-6314-4EEA-A94D-D44073B0779D}"
EndProject
Project("{FAE04EC0-301F-11D3-BF4B-00C04F79EFBC}") = "Order.Proto.Client", "src\Order\Order.Proto.Client\Order.Proto.Client.csproj", "{CCA92310-9B86-4807-B07F-575735942762}"
EndProject
Project("{FAE04EC0-301F-11D3-BF4B-00C04F79EFBC}") = "Order.DataMigrator", "src\Order\Order.DataMigrator\Order.DataMigrator.csproj", "{54959CFC-9BCF-45CA-AD6D-9AEAD8AECBDA}"
EndProject
Global
	GlobalSection(SolutionConfigurationPlatforms) = preSolution
		Debug|Any CPU = Debug|Any CPU
		Release|Any CPU = Release|Any CPU
	EndGlobalSection
	GlobalSection(ProjectConfigurationPlatforms) = postSolution
		{0BE6EC20-1C30-4720-A48D-AD463AA4DDC2}.Debug|Any CPU.ActiveCfg = Debug|Any CPU
		{0BE6EC20-1C30-4720-A48D-AD463AA4DDC2}.Debug|Any CPU.Build.0 = Debug|Any CPU
		{0BE6EC20-1C30-4720-A48D-AD463AA4DDC2}.Release|Any CPU.ActiveCfg = Release|Any CPU
		{0BE6EC20-1C30-4720-A48D-AD463AA4DDC2}.Release|Any CPU.Build.0 = Release|Any CPU
		{404CCC1B-9018-4C1C-B5A7-1DA6A0C96862}.Debug|Any CPU.ActiveCfg = Debug|Any CPU
		{404CCC1B-9018-4C1C-B5A7-1DA6A0C96862}.Debug|Any CPU.Build.0 = Debug|Any CPU
		{404CCC1B-9018-4C1C-B5A7-1DA6A0C96862}.Release|Any CPU.ActiveCfg = Release|Any CPU
		{404CCC1B-9018-4C1C-B5A7-1DA6A0C96862}.Release|Any CPU.Build.0 = Release|Any CPU
		{F126C4B3-7E54-4E29-A101-5BC56C7BCAD2}.Debug|Any CPU.ActiveCfg = Debug|Any CPU
		{F126C4B3-7E54-4E29-A101-5BC56C7BCAD2}.Debug|Any CPU.Build.0 = Debug|Any CPU
		{F126C4B3-7E54-4E29-A101-5BC56C7BCAD2}.Release|Any CPU.ActiveCfg = Release|Any CPU
		{F126C4B3-7E54-4E29-A101-5BC56C7BCAD2}.Release|Any CPU.Build.0 = Release|Any CPU
		{75AC900F-BBEC-40A1-B4A4-BE15A42A5990}.Debug|Any CPU.ActiveCfg = Debug|Any CPU
		{75AC900F-BBEC-40A1-B4A4-BE15A42A5990}.Debug|Any CPU.Build.0 = Debug|Any CPU
		{75AC900F-BBEC-40A1-B4A4-BE15A42A5990}.Release|Any CPU.ActiveCfg = Release|Any CPU
		{75AC900F-BBEC-40A1-B4A4-BE15A42A5990}.Release|Any CPU.Build.0 = Release|Any CPU
		{C9A7C2CF-8668-4A5F-AB67-A33E236699AE}.Debug|Any CPU.ActiveCfg = Debug|Any CPU
		{C9A7C2CF-8668-4A5F-AB67-A33E236699AE}.Debug|Any CPU.Build.0 = Debug|Any CPU
		{C9A7C2CF-8668-4A5F-AB67-A33E236699AE}.Release|Any CPU.ActiveCfg = Release|Any CPU
		{C9A7C2CF-8668-4A5F-AB67-A33E236699AE}.Release|Any CPU.Build.0 = Release|Any CPU
		{ACFA734A-60A8-44A1-9976-C4E22DF57CCA}.Debug|Any CPU.ActiveCfg = Debug|Any CPU
		{ACFA734A-60A8-44A1-9976-C4E22DF57CCA}.Debug|Any CPU.Build.0 = Debug|Any CPU
		{ACFA734A-60A8-44A1-9976-C4E22DF57CCA}.Release|Any CPU.ActiveCfg = Release|Any CPU
		{ACFA734A-60A8-44A1-9976-C4E22DF57CCA}.Release|Any CPU.Build.0 = Release|Any CPU
		{D4CA4CF4-FEF1-491D-B6C5-7DFA9A27997A}.Debug|Any CPU.ActiveCfg = Debug|Any CPU
		{D4CA4CF4-FEF1-491D-B6C5-7DFA9A27997A}.Debug|Any CPU.Build.0 = Debug|Any CPU
		{D4CA4CF4-FEF1-491D-B6C5-7DFA9A27997A}.Release|Any CPU.ActiveCfg = Release|Any CPU
		{D4CA4CF4-FEF1-491D-B6C5-7DFA9A27997A}.Release|Any CPU.Build.0 = Release|Any CPU
		{2D4F2009-D37F-4594-AEC7-DA910C2E5BC8}.Debug|Any CPU.ActiveCfg = Debug|Any CPU
		{2D4F2009-D37F-4594-AEC7-DA910C2E5BC8}.Debug|Any CPU.Build.0 = Debug|Any CPU
		{2D4F2009-D37F-4594-AEC7-DA910C2E5BC8}.Release|Any CPU.ActiveCfg = Release|Any CPU
		{2D4F2009-D37F-4594-AEC7-DA910C2E5BC8}.Release|Any CPU.Build.0 = Release|Any CPU
		{585B7D0E-0FAF-4E5B-B5C2-08ADE5424F60}.Debug|Any CPU.ActiveCfg = Debug|Any CPU
		{585B7D0E-0FAF-4E5B-B5C2-08ADE5424F60}.Debug|Any CPU.Build.0 = Debug|Any CPU
		{585B7D0E-0FAF-4E5B-B5C2-08ADE5424F60}.Release|Any CPU.ActiveCfg = Release|Any CPU
		{585B7D0E-0FAF-4E5B-B5C2-08ADE5424F60}.Release|Any CPU.Build.0 = Release|Any CPU
		{30930F6D-8695-456F-9132-3054930BFDA7}.Debug|Any CPU.ActiveCfg = Debug|Any CPU
		{30930F6D-8695-456F-9132-3054930BFDA7}.Debug|Any CPU.Build.0 = Debug|Any CPU
		{30930F6D-8695-456F-9132-3054930BFDA7}.Release|Any CPU.ActiveCfg = Release|Any CPU
		{30930F6D-8695-456F-9132-3054930BFDA7}.Release|Any CPU.Build.0 = Release|Any CPU
		{8004B9E9-CAEA-4833-BB70-F2EE0B21BCE9}.Debug|Any CPU.ActiveCfg = Debug|Any CPU
		{8004B9E9-CAEA-4833-BB70-F2EE0B21BCE9}.Debug|Any CPU.Build.0 = Debug|Any CPU
		{8004B9E9-CAEA-4833-BB70-F2EE0B21BCE9}.Release|Any CPU.ActiveCfg = Release|Any CPU
		{8004B9E9-CAEA-4833-BB70-F2EE0B21BCE9}.Release|Any CPU.Build.0 = Release|Any CPU
		{36713670-E879-48F4-A913-CAFB42065B84}.Debug|Any CPU.ActiveCfg = Debug|Any CPU
		{36713670-E879-48F4-A913-CAFB42065B84}.Debug|Any CPU.Build.0 = Debug|Any CPU
		{36713670-E879-48F4-A913-CAFB42065B84}.Release|Any CPU.ActiveCfg = Release|Any CPU
		{36713670-E879-48F4-A913-CAFB42065B84}.Release|Any CPU.Build.0 = Release|Any CPU
		{0C491F3E-E063-46C3-B923-28B1D12768B7}.Debug|Any CPU.ActiveCfg = Debug|Any CPU
		{0C491F3E-E063-46C3-B923-28B1D12768B7}.Debug|Any CPU.Build.0 = Debug|Any CPU
		{0C491F3E-E063-46C3-B923-28B1D12768B7}.Release|Any CPU.ActiveCfg = Release|Any CPU
		{0C491F3E-E063-46C3-B923-28B1D12768B7}.Release|Any CPU.Build.0 = Release|Any CPU
		{3409B88F-AB20-49A0-9BF6-3EFF51C51B05}.Debug|Any CPU.ActiveCfg = Debug|Any CPU
		{3409B88F-AB20-49A0-9BF6-3EFF51C51B05}.Debug|Any CPU.Build.0 = Debug|Any CPU
		{3409B88F-AB20-49A0-9BF6-3EFF51C51B05}.Release|Any CPU.ActiveCfg = Release|Any CPU
		{3409B88F-AB20-49A0-9BF6-3EFF51C51B05}.Release|Any CPU.Build.0 = Release|Any CPU
		{53CE6C8F-B59D-468F-9399-76CDB103039C}.Debug|Any CPU.ActiveCfg = Debug|Any CPU
		{53CE6C8F-B59D-468F-9399-76CDB103039C}.Debug|Any CPU.Build.0 = Debug|Any CPU
		{53CE6C8F-B59D-468F-9399-76CDB103039C}.Release|Any CPU.ActiveCfg = Release|Any CPU
		{53CE6C8F-B59D-468F-9399-76CDB103039C}.Release|Any CPU.Build.0 = Release|Any CPU
		{1D87E4AF-5938-4867-AEB1-76C77BDA0366}.Debug|Any CPU.ActiveCfg = Debug|Any CPU
		{1D87E4AF-5938-4867-AEB1-76C77BDA0366}.Debug|Any CPU.Build.0 = Debug|Any CPU
		{1D87E4AF-5938-4867-AEB1-76C77BDA0366}.Release|Any CPU.ActiveCfg = Release|Any CPU
		{1D87E4AF-5938-4867-AEB1-76C77BDA0366}.Release|Any CPU.Build.0 = Release|Any CPU
		{4F1BF274-82A3-4DEF-B822-6D3F2CC004E8}.Debug|Any CPU.ActiveCfg = Debug|Any CPU
		{4F1BF274-82A3-4DEF-B822-6D3F2CC004E8}.Debug|Any CPU.Build.0 = Debug|Any CPU
		{4F1BF274-82A3-4DEF-B822-6D3F2CC004E8}.Release|Any CPU.ActiveCfg = Release|Any CPU
		{4F1BF274-82A3-4DEF-B822-6D3F2CC004E8}.Release|Any CPU.Build.0 = Release|Any CPU
		{DB6AEFED-207B-4629-9F86-317F4C7CCA56}.Debug|Any CPU.ActiveCfg = Debug|Any CPU
		{DB6AEFED-207B-4629-9F86-317F4C7CCA56}.Debug|Any CPU.Build.0 = Debug|Any CPU
		{DB6AEFED-207B-4629-9F86-317F4C7CCA56}.Release|Any CPU.ActiveCfg = Release|Any CPU
		{DB6AEFED-207B-4629-9F86-317F4C7CCA56}.Release|Any CPU.Build.0 = Release|Any CPU
		{D67F306D-4276-4DFF-A08D-83E68A4B1B43}.Debug|Any CPU.ActiveCfg = Debug|Any CPU
		{D67F306D-4276-4DFF-A08D-83E68A4B1B43}.Debug|Any CPU.Build.0 = Debug|Any CPU
		{D67F306D-4276-4DFF-A08D-83E68A4B1B43}.Release|Any CPU.ActiveCfg = Release|Any CPU
		{D67F306D-4276-4DFF-A08D-83E68A4B1B43}.Release|Any CPU.Build.0 = Release|Any CPU
		{E0EC1AA0-5952-4C7F-8072-946842BF8906}.Debug|Any CPU.ActiveCfg = Debug|Any CPU
		{E0EC1AA0-5952-4C7F-8072-946842BF8906}.Debug|Any CPU.Build.0 = Debug|Any CPU
		{E0EC1AA0-5952-4C7F-8072-946842BF8906}.Release|Any CPU.ActiveCfg = Release|Any CPU
		{E0EC1AA0-5952-4C7F-8072-946842BF8906}.Release|Any CPU.Build.0 = Release|Any CPU
		{FE94DFA8-A8F2-4C50-B3D6-42B83F2FFE85}.Debug|Any CPU.ActiveCfg = Debug|Any CPU
		{FE94DFA8-A8F2-4C50-B3D6-42B83F2FFE85}.Debug|Any CPU.Build.0 = Debug|Any CPU
		{FE94DFA8-A8F2-4C50-B3D6-42B83F2FFE85}.Release|Any CPU.ActiveCfg = Release|Any CPU
		{FE94DFA8-A8F2-4C50-B3D6-42B83F2FFE85}.Release|Any CPU.Build.0 = Release|Any CPU
		{0524C5BB-A821-4151-9F53-2E8A968B1CF1}.Debug|Any CPU.ActiveCfg = Debug|Any CPU
		{0524C5BB-A821-4151-9F53-2E8A968B1CF1}.Debug|Any CPU.Build.0 = Debug|Any CPU
		{0524C5BB-A821-4151-9F53-2E8A968B1CF1}.Release|Any CPU.ActiveCfg = Release|Any CPU
		{0524C5BB-A821-4151-9F53-2E8A968B1CF1}.Release|Any CPU.Build.0 = Release|Any CPU
		{53A45ADD-1E7A-469F-82AC-D0A8E4666C7F}.Debug|Any CPU.ActiveCfg = Debug|Any CPU
		{53A45ADD-1E7A-469F-82AC-D0A8E4666C7F}.Debug|Any CPU.Build.0 = Debug|Any CPU
		{53A45ADD-1E7A-469F-82AC-D0A8E4666C7F}.Release|Any CPU.ActiveCfg = Release|Any CPU
		{53A45ADD-1E7A-469F-82AC-D0A8E4666C7F}.Release|Any CPU.Build.0 = Release|Any CPU
		{F30BADA2-4B99-40BE-A71D-9328D9E8186D}.Debug|Any CPU.ActiveCfg = Debug|Any CPU
		{F30BADA2-4B99-40BE-A71D-9328D9E8186D}.Debug|Any CPU.Build.0 = Debug|Any CPU
		{F30BADA2-4B99-40BE-A71D-9328D9E8186D}.Release|Any CPU.ActiveCfg = Release|Any CPU
		{F30BADA2-4B99-40BE-A71D-9328D9E8186D}.Release|Any CPU.Build.0 = Release|Any CPU
		{82F84CAF-8395-4EB4-B9EB-4D74C6829A66}.Debug|Any CPU.ActiveCfg = Debug|Any CPU
		{82F84CAF-8395-4EB4-B9EB-4D74C6829A66}.Debug|Any CPU.Build.0 = Debug|Any CPU
		{82F84CAF-8395-4EB4-B9EB-4D74C6829A66}.Release|Any CPU.ActiveCfg = Release|Any CPU
		{82F84CAF-8395-4EB4-B9EB-4D74C6829A66}.Release|Any CPU.Build.0 = Release|Any CPU
		{2FC1B06E-0212-4A74-BB52-7C6677E0A61B}.Debug|Any CPU.ActiveCfg = Debug|Any CPU
		{2FC1B06E-0212-4A74-BB52-7C6677E0A61B}.Debug|Any CPU.Build.0 = Debug|Any CPU
		{2FC1B06E-0212-4A74-BB52-7C6677E0A61B}.Release|Any CPU.ActiveCfg = Release|Any CPU
		{2FC1B06E-0212-4A74-BB52-7C6677E0A61B}.Release|Any CPU.Build.0 = Release|Any CPU
		{FAA8DC1D-F4A1-43A7-AD5F-31FB8A9F2640}.Debug|Any CPU.ActiveCfg = Debug|Any CPU
		{FAA8DC1D-F4A1-43A7-AD5F-31FB8A9F2640}.Debug|Any CPU.Build.0 = Debug|Any CPU
		{FAA8DC1D-F4A1-43A7-AD5F-31FB8A9F2640}.Release|Any CPU.ActiveCfg = Release|Any CPU
		{FAA8DC1D-F4A1-43A7-AD5F-31FB8A9F2640}.Release|Any CPU.Build.0 = Release|Any CPU
		{8B6AAA63-1214-4531-8E76-563302027FBF}.Debug|Any CPU.ActiveCfg = Debug|Any CPU
		{8B6AAA63-1214-4531-8E76-563302027FBF}.Debug|Any CPU.Build.0 = Debug|Any CPU
		{8B6AAA63-1214-4531-8E76-563302027FBF}.Release|Any CPU.ActiveCfg = Release|Any CPU
		{8B6AAA63-1214-4531-8E76-563302027FBF}.Release|Any CPU.Build.0 = Release|Any CPU
		{78C9724E-F202-48E6-8BFB-CBE7EA3CCDD3}.Debug|Any CPU.ActiveCfg = Debug|Any CPU
		{78C9724E-F202-48E6-8BFB-CBE7EA3CCDD3}.Debug|Any CPU.Build.0 = Debug|Any CPU
		{78C9724E-F202-48E6-8BFB-CBE7EA3CCDD3}.Release|Any CPU.ActiveCfg = Release|Any CPU
		{78C9724E-F202-48E6-8BFB-CBE7EA3CCDD3}.Release|Any CPU.Build.0 = Release|Any CPU
		{10AB326D-2168-4A0A-A710-126A0DFFEB28}.Debug|Any CPU.ActiveCfg = Debug|Any CPU
		{10AB326D-2168-4A0A-A710-126A0DFFEB28}.Debug|Any CPU.Build.0 = Debug|Any CPU
		{10AB326D-2168-4A0A-A710-126A0DFFEB28}.Release|Any CPU.ActiveCfg = Release|Any CPU
		{10AB326D-2168-4A0A-A710-126A0DFFEB28}.Release|Any CPU.Build.0 = Release|Any CPU
		{D255FE9A-EBD2-40B9-87D3-4A0A2E33F3E8}.Debug|Any CPU.ActiveCfg = Debug|Any CPU
		{D255FE9A-EBD2-40B9-87D3-4A0A2E33F3E8}.Debug|Any CPU.Build.0 = Debug|Any CPU
		{D255FE9A-EBD2-40B9-87D3-4A0A2E33F3E8}.Release|Any CPU.ActiveCfg = Release|Any CPU
		{D255FE9A-EBD2-40B9-87D3-4A0A2E33F3E8}.Release|Any CPU.Build.0 = Release|Any CPU
		{753004DB-D57E-4115-8585-BC56D59324C1}.Debug|Any CPU.ActiveCfg = Debug|Any CPU
		{753004DB-D57E-4115-8585-BC56D59324C1}.Debug|Any CPU.Build.0 = Debug|Any CPU
		{753004DB-D57E-4115-8585-BC56D59324C1}.Release|Any CPU.ActiveCfg = Release|Any CPU
		{753004DB-D57E-4115-8585-BC56D59324C1}.Release|Any CPU.Build.0 = Release|Any CPU
		{C0C01E1F-1B80-4C70-805E-ACD583EC0AD4}.Debug|Any CPU.ActiveCfg = Debug|Any CPU
		{C0C01E1F-1B80-4C70-805E-ACD583EC0AD4}.Debug|Any CPU.Build.0 = Debug|Any CPU
		{C0C01E1F-1B80-4C70-805E-ACD583EC0AD4}.Release|Any CPU.ActiveCfg = Release|Any CPU
		{C0C01E1F-1B80-4C70-805E-ACD583EC0AD4}.Release|Any CPU.Build.0 = Release|Any CPU
		{ECF238F6-BA05-4EF1-B857-F42F7AC5BC5F}.Debug|Any CPU.ActiveCfg = Debug|Any CPU
		{ECF238F6-BA05-4EF1-B857-F42F7AC5BC5F}.Debug|Any CPU.Build.0 = Debug|Any CPU
		{ECF238F6-BA05-4EF1-B857-F42F7AC5BC5F}.Release|Any CPU.ActiveCfg = Release|Any CPU
		{ECF238F6-BA05-4EF1-B857-F42F7AC5BC5F}.Release|Any CPU.Build.0 = Release|Any CPU
		{86C69E08-B6FD-48E3-9E8C-842CCB2F0AD5}.Debug|Any CPU.ActiveCfg = Debug|Any CPU
		{86C69E08-B6FD-48E3-9E8C-842CCB2F0AD5}.Debug|Any CPU.Build.0 = Debug|Any CPU
		{86C69E08-B6FD-48E3-9E8C-842CCB2F0AD5}.Release|Any CPU.ActiveCfg = Release|Any CPU
		{86C69E08-B6FD-48E3-9E8C-842CCB2F0AD5}.Release|Any CPU.Build.0 = Release|Any CPU
		{83693112-9E1F-47CA-8C17-E804EAFA980B}.Debug|Any CPU.ActiveCfg = Debug|Any CPU
		{83693112-9E1F-47CA-8C17-E804EAFA980B}.Debug|Any CPU.Build.0 = Debug|Any CPU
		{83693112-9E1F-47CA-8C17-E804EAFA980B}.Release|Any CPU.ActiveCfg = Release|Any CPU
		{83693112-9E1F-47CA-8C17-E804EAFA980B}.Release|Any CPU.Build.0 = Release|Any CPU
		{6D821EDC-EE03-4906-A3E7-164E679D0D89}.Debug|Any CPU.ActiveCfg = Debug|Any CPU
		{6D821EDC-EE03-4906-A3E7-164E679D0D89}.Debug|Any CPU.Build.0 = Debug|Any CPU
		{6D821EDC-EE03-4906-A3E7-164E679D0D89}.Release|Any CPU.ActiveCfg = Release|Any CPU
		{6D821EDC-EE03-4906-A3E7-164E679D0D89}.Release|Any CPU.Build.0 = Release|Any CPU
		{DAB55BDF-B0A8-4473-89F8-B296B3130C0F}.Debug|Any CPU.ActiveCfg = Debug|Any CPU
		{DAB55BDF-B0A8-4473-89F8-B296B3130C0F}.Debug|Any CPU.Build.0 = Debug|Any CPU
		{DAB55BDF-B0A8-4473-89F8-B296B3130C0F}.Release|Any CPU.ActiveCfg = Release|Any CPU
		{DAB55BDF-B0A8-4473-89F8-B296B3130C0F}.Release|Any CPU.Build.0 = Release|Any CPU
		{BEB99141-9921-4E53-AFFA-57C37C296770}.Debug|Any CPU.ActiveCfg = Debug|Any CPU
		{BEB99141-9921-4E53-AFFA-57C37C296770}.Debug|Any CPU.Build.0 = Debug|Any CPU
		{BEB99141-9921-4E53-AFFA-57C37C296770}.Release|Any CPU.ActiveCfg = Release|Any CPU
		{BEB99141-9921-4E53-AFFA-57C37C296770}.Release|Any CPU.Build.0 = Release|Any CPU
		{CC25978B-6B83-4436-8546-B63CACF37740}.Debug|Any CPU.ActiveCfg = Debug|Any CPU
		{CC25978B-6B83-4436-8546-B63CACF37740}.Debug|Any CPU.Build.0 = Debug|Any CPU
		{CC25978B-6B83-4436-8546-B63CACF37740}.Release|Any CPU.ActiveCfg = Release|Any CPU
		{CC25978B-6B83-4436-8546-B63CACF37740}.Release|Any CPU.Build.0 = Release|Any CPU
		{A279736E-1095-4ABC-B5EA-78B04F772E65}.Debug|Any CPU.ActiveCfg = Debug|Any CPU
		{A279736E-1095-4ABC-B5EA-78B04F772E65}.Debug|Any CPU.Build.0 = Debug|Any CPU
		{A279736E-1095-4ABC-B5EA-78B04F772E65}.Release|Any CPU.ActiveCfg = Release|Any CPU
		{A279736E-1095-4ABC-B5EA-78B04F772E65}.Release|Any CPU.Build.0 = Release|Any CPU
		{81B3D6EA-B581-41D6-A9BF-9777F7A53EAA}.Debug|Any CPU.ActiveCfg = Debug|Any CPU
		{81B3D6EA-B581-41D6-A9BF-9777F7A53EAA}.Debug|Any CPU.Build.0 = Debug|Any CPU
		{81B3D6EA-B581-41D6-A9BF-9777F7A53EAA}.Release|Any CPU.ActiveCfg = Release|Any CPU
		{81B3D6EA-B581-41D6-A9BF-9777F7A53EAA}.Release|Any CPU.Build.0 = Release|Any CPU
		{FA17F963-6314-4EEA-A94D-D44073B0779D}.Debug|Any CPU.ActiveCfg = Debug|Any CPU
		{FA17F963-6314-4EEA-A94D-D44073B0779D}.Debug|Any CPU.Build.0 = Debug|Any CPU
		{FA17F963-6314-4EEA-A94D-D44073B0779D}.Release|Any CPU.ActiveCfg = Release|Any CPU
		{FA17F963-6314-4EEA-A94D-D44073B0779D}.Release|Any CPU.Build.0 = Release|Any CPU
		{CCA92310-9B86-4807-B07F-575735942762}.Debug|Any CPU.ActiveCfg = Debug|Any CPU
		{CCA92310-9B86-4807-B07F-575735942762}.Debug|Any CPU.Build.0 = Debug|Any CPU
		{CCA92310-9B86-4807-B07F-575735942762}.Release|Any CPU.ActiveCfg = Release|Any CPU
		{CCA92310-9B86-4807-B07F-575735942762}.Release|Any CPU.Build.0 = Release|Any CPU
		{54959CFC-9BCF-45CA-AD6D-9AEAD8AECBDA}.Debug|Any CPU.ActiveCfg = Debug|Any CPU
		{54959CFC-9BCF-45CA-AD6D-9AEAD8AECBDA}.Debug|Any CPU.Build.0 = Debug|Any CPU
		{54959CFC-9BCF-45CA-AD6D-9AEAD8AECBDA}.Release|Any CPU.ActiveCfg = Release|Any CPU
		{54959CFC-9BCF-45CA-AD6D-9AEAD8AECBDA}.Release|Any CPU.Build.0 = Release|Any CPU
	EndGlobalSection
	GlobalSection(NestedProjects) = preSolution
		{ACFA734A-60A8-44A1-9976-C4E22DF57CCA} = {D442C24A-7050-48D8-8711-7BD31D39D4C7}
		{0BE6EC20-1C30-4720-A48D-AD463AA4DDC2} = {D442C24A-7050-48D8-8711-7BD31D39D4C7}
		{C9A7C2CF-8668-4A5F-AB67-A33E236699AE} = {D442C24A-7050-48D8-8711-7BD31D39D4C7}
		{404CCC1B-9018-4C1C-B5A7-1DA6A0C96862} = {E7A58C43-2C79-474F-A853-62EB99EAD40A}
		{2D4F2009-D37F-4594-AEC7-DA910C2E5BC8} = {D7B0F25A-BD5A-4F43-ABBB-FD36DACC3AAC}
		{D4CA4CF4-FEF1-491D-B6C5-7DFA9A27997A} = {D7B0F25A-BD5A-4F43-ABBB-FD36DACC3AAC}
		{585B7D0E-0FAF-4E5B-B5C2-08ADE5424F60} = {E7A58C43-2C79-474F-A853-62EB99EAD40A}
		{30930F6D-8695-456F-9132-3054930BFDA7} = {E7A58C43-2C79-474F-A853-62EB99EAD40A}
		{8004B9E9-CAEA-4833-BB70-F2EE0B21BCE9} = {D442C24A-7050-48D8-8711-7BD31D39D4C7}
		{EEF4AE49-E12C-490C-AD13-EC7A27B5CDE8} = {ED93EE8D-39DF-40CF-99E4-954DFF7789A6}
		{0C491F3E-E063-46C3-B923-28B1D12768B7} = {EEF4AE49-E12C-490C-AD13-EC7A27B5CDE8}
		{3409B88F-AB20-49A0-9BF6-3EFF51C51B05} = {D442C24A-7050-48D8-8711-7BD31D39D4C7}
		{53CE6C8F-B59D-468F-9399-76CDB103039C} = {EEF4AE49-E12C-490C-AD13-EC7A27B5CDE8}
		{1D87E4AF-5938-4867-AEB1-76C77BDA0366} = {D442C24A-7050-48D8-8711-7BD31D39D4C7}
		{4F1BF274-82A3-4DEF-B822-6D3F2CC004E8} = {D442C24A-7050-48D8-8711-7BD31D39D4C7}
		{36713670-E879-48F4-A913-CAFB42065B84} = {D7B0F25A-BD5A-4F43-ABBB-FD36DACC3AAC}
		{DB6AEFED-207B-4629-9F86-317F4C7CCA56} = {73BF6D1A-26C2-45D2-AD3F-D38546C9220B}
		{EF1D89B0-C122-40A1-90C2-8365A9E9254B} = {ED93EE8D-39DF-40CF-99E4-954DFF7789A6}
		{D67F306D-4276-4DFF-A08D-83E68A4B1B43} = {EF1D89B0-C122-40A1-90C2-8365A9E9254B}
		{E0EC1AA0-5952-4C7F-8072-946842BF8906} = {73BF6D1A-26C2-45D2-AD3F-D38546C9220B}
		{FE94DFA8-A8F2-4C50-B3D6-42B83F2FFE85} = {73BF6D1A-26C2-45D2-AD3F-D38546C9220B}
		{0524C5BB-A821-4151-9F53-2E8A968B1CF1} = {73BF6D1A-26C2-45D2-AD3F-D38546C9220B}
		{53A45ADD-1E7A-469F-82AC-D0A8E4666C7F} = {73BF6D1A-26C2-45D2-AD3F-D38546C9220B}
		{F30BADA2-4B99-40BE-A71D-9328D9E8186D} = {73BF6D1A-26C2-45D2-AD3F-D38546C9220B}
		{82F84CAF-8395-4EB4-B9EB-4D74C6829A66} = {EF1D89B0-C122-40A1-90C2-8365A9E9254B}
		{2FC1B06E-0212-4A74-BB52-7C6677E0A61B} = {73BF6D1A-26C2-45D2-AD3F-D38546C9220B}
		{D255FE9A-EBD2-40B9-87D3-4A0A2E33F3E8} = {1544D46B-2644-4FB5-8E2D-E5C3E5C1208B}
		{753004DB-D57E-4115-8585-BC56D59324C1} = {1544D46B-2644-4FB5-8E2D-E5C3E5C1208B}
		{FAA8DC1D-F4A1-43A7-AD5F-31FB8A9F2640} = {1544D46B-2644-4FB5-8E2D-E5C3E5C1208B}
		{78C9724E-F202-48E6-8BFB-CBE7EA3CCDD3} = {1544D46B-2644-4FB5-8E2D-E5C3E5C1208B}
		{10AB326D-2168-4A0A-A710-126A0DFFEB28} = {1544D46B-2644-4FB5-8E2D-E5C3E5C1208B}
		{8B6AAA63-1214-4531-8E76-563302027FBF} = {1544D46B-2644-4FB5-8E2D-E5C3E5C1208B}
		{C0C01E1F-1B80-4C70-805E-ACD583EC0AD4} = {ED93EE8D-39DF-40CF-99E4-954DFF7789A6}
		{ECF238F6-BA05-4EF1-B857-F42F7AC5BC5F} = {1544D46B-2644-4FB5-8E2D-E5C3E5C1208B}
		{B9D7D6AD-79AF-4EBB-8718-9DB65961E126} = {ED93EE8D-39DF-40CF-99E4-954DFF7789A6}
		{83693112-9E1F-47CA-8C17-E804EAFA980B} = {B9D7D6AD-79AF-4EBB-8718-9DB65961E126}
		{86C69E08-B6FD-48E3-9E8C-842CCB2F0AD5} = {B9D7D6AD-79AF-4EBB-8718-9DB65961E126}
		{BEB99141-9921-4E53-AFFA-57C37C296770} = {1B873DFD-4C6C-44CC-A8E0-FD6924D6B45E}
		{CC25978B-6B83-4436-8546-B63CACF37740} = {1B873DFD-4C6C-44CC-A8E0-FD6924D6B45E}
		{DAB55BDF-B0A8-4473-89F8-B296B3130C0F} = {1B873DFD-4C6C-44CC-A8E0-FD6924D6B45E}
		{6D821EDC-EE03-4906-A3E7-164E679D0D89} = {1B873DFD-4C6C-44CC-A8E0-FD6924D6B45E}
		{A279736E-1095-4ABC-B5EA-78B04F772E65} = {1B873DFD-4C6C-44CC-A8E0-FD6924D6B45E}
		{187E6F70-1C7B-465F-BA4A-DFEE3F507CD1} = {ED93EE8D-39DF-40CF-99E4-954DFF7789A6}
		{81B3D6EA-B581-41D6-A9BF-9777F7A53EAA} = {187E6F70-1C7B-465F-BA4A-DFEE3F507CD1}
		{FA17F963-6314-4EEA-A94D-D44073B0779D} = {187E6F70-1C7B-465F-BA4A-DFEE3F507CD1}
		{CCA92310-9B86-4807-B07F-575735942762} = {1B873DFD-4C6C-44CC-A8E0-FD6924D6B45E}
		{54959CFC-9BCF-45CA-AD6D-9AEAD8AECBDA} = {1B873DFD-4C6C-44CC-A8E0-FD6924D6B45E}
	EndGlobalSection
EndGlobal
